{
  "name": "tado-heat-loss",
  "version": "1.0.0",
  "lockfileVersion": 3,
  "requires": true,
  "packages": {
    "": {
      "name": "tado-heat-loss",
      "version": "1.0.0",
      "license": "Apache 2.0",
      "dependencies": {
        "@json2csv/plainjs": "^7.0.1"
      }
    },
    "node_modules/@json2csv/formatters": {
      "version": "7.0.1",
      "resolved": "https://registry.npmjs.org/@json2csv/formatters/-/formatters-7.0.1.tgz",
      "integrity": "sha512-eCmYKIIoFDXUB0Fotet2RmcoFTtNLXLmSV7j6aEQH/D2GiO749Uan3ts03PtAhXpE11QghxBjS0toXom8VQNBw=="
    },
    "node_modules/@json2csv/plainjs": {
      "version": "7.0.1",
      "resolved": "https://registry.npmjs.org/@json2csv/plainjs/-/plainjs-7.0.1.tgz",
      "integrity": "sha512-UAdaZwahrUeYhMYYilJwDsRfE7wDRsmGMsszYH67j8FLD5gZitqG38RXpUgHEH0s6YjsY8iKYWeEQ19WILncFA==",
      "dependencies": {
        "@json2csv/formatters": "^7.0.1",
        "@streamparser/json": "^0.0.15",
        "lodash.get": "^4.4.2"
      }
    },
    "node_modules/@streamparser/json": {
      "version": "0.0.15",
      "resolved": "https://registry.npmjs.org/@streamparser/json/-/json-0.0.15.tgz",
      "integrity": "sha512-6oikjkMTYAHGqKmcC9leE4+kY4Ch4eiTImXUN/N4d2bNGBYs0LJ/tfxmpvF5eExSU7iiPlV9jYlADqvj3NWA3Q=="
    },
    "node_modules/lodash.get": {
      "version": "4.4.2",
      "resolved": "https://registry.npmjs.org/lodash.get/-/lodash.get-4.4.2.tgz",
      "integrity": "sha512-z+Uw/vLuy6gQe8cfaFWD7p0wVv8fJl3mbzXh33RS+0oW2wvUqiRXiQ69gLWSLpgB5/6sU+r6BlQR0MBILadqTQ=="
    }
  }
}
